
Microsoft Visual Studio Solution File, Format Version 12.00
# Visual Studio Version 17
VisualStudioVersion = 17.5.002.0
MinimumVisualStudioVersion = 10.0.40219.1
Project("{9A19103F-16F7-4668-BE54-9A1E7A4F7556}") = "Api", "Api\Api.csproj", "{0B930D38-0A04-4E30-9E75-F79B33D544B3}"
EndProject
Global
	GlobalSection(SolutionConfigurationPlatforms) = preSolution
		Debug|Any CPU = Debug|Any CPU
		Release|Any CPU = Release|Any CPU
	EndGlobalSection
	GlobalSection(ProjectConfigurationPlatforms) = postSolution
		{0B930D38-0A04-4E30-9E75-F79B33D544B3}.Debug|Any CPU.ActiveCfg = Debug|Any CPU
		{0B930D38-0A04-4E30-9E75-F79B33D544B3}.Debug|Any CPU.Build.0 = Debug|Any CPU
		{0B930D38-0A04-4E30-9E75-F79B33D544B3}.Release|Any CPU.ActiveCfg = Release|Any CPU
		{0B930D38-0A04-4E30-9E75-F79B33D544B3}.Release|Any CPU.Build.0 = Release|Any CPU
	EndGlobalSection
	GlobalSection(SolutionProperties) = preSolution
		HideSolutionNode = FALSE
	EndGlobalSection
	GlobalSection(ExtensibilityGlobals) = postSolution
		SolutionGuid = {DE9A7EBF-8A91-47DD-BABB-AD6E1824E355}
	EndGlobalSection
EndGlobal
